
Microsoft Visual Studio Solution File, Format Version 12.00
# Visual Studio Version 17
VisualStudioVersion = 17.2.32616.157
MinimumVisualStudioVersion = 10.0.40219.1
Project("{9A19103F-16F7-4668-BE54-9A1E7A4F7556}") = "Database", "Database\Database.csproj", "{78C371C8-7664-40E7-8CBC-B6A016D92B7F}"
EndProject
Project("{FAE04EC0-301F-11D3-BF4B-00C04F79EFBC}") = "Logic.Security", "Logic.Security\Logic.Security.csproj", "{ADD4C0BD-49F2-4C69-9155-E6A4B7E807ED}"
EndProject
Project("{FAE04EC0-301F-11D3-BF4B-00C04F79EFBC}") = "Logic.Content", "Logic.Content\Logic.Content.csproj", "{404B388E-5172-48DD-9D6E-6BBA3EAD1419}"
EndProject
Project("{FAE04EC0-301F-11D3-BF4B-00C04F79EFBC}") = "Logic.Admin", "Logic.Admin\Logic.Admin.csproj", "{612C44F0-4802-4AC2-B173-CBAAFD5DEEA3}"
EndProject
Global
	GlobalSection(SolutionConfigurationPlatforms) = preSolution
		Debug|Any CPU = Debug|Any CPU
		Release|Any CPU = Release|Any CPU
	EndGlobalSection
	GlobalSection(ProjectConfigurationPlatforms) = postSolution
		{78C371C8-7664-40E7-8CBC-B6A016D92B7F}.Debug|Any CPU.ActiveCfg = Debug|Any CPU
		{78C371C8-7664-40E7-8CBC-B6A016D92B7F}.Debug|Any CPU.Build.0 = Debug|Any CPU
		{78C371C8-7664-40E7-8CBC-B6A016D92B7F}.Release|Any CPU.ActiveCfg = Release|Any CPU
		{78C371C8-7664-40E7-8CBC-B6A016D92B7F}.Release|Any CPU.Build.0 = Release|Any CPU
		{ADD4C0BD-49F2-4C69-9155-E6A4B7E807ED}.Debug|Any CPU.ActiveCfg = Debug|Any CPU
		{ADD4C0BD-49F2-4C69-9155-E6A4B7E807ED}.Debug|Any CPU.Build.0 = Debug|Any CPU
		{ADD4C0BD-49F2-4C69-9155-E6A4B7E807ED}.Release|Any CPU.ActiveCfg = Release|Any CPU
		{ADD4C0BD-49F2-4C69-9155-E6A4B7E807ED}.Release|Any CPU.Build.0 = Release|Any CPU
		{404B388E-5172-48DD-9D6E-6BBA3EAD1419}.Debug|Any CPU.ActiveCfg = Debug|Any CPU
		{404B388E-5172-48DD-9D6E-6BBA3EAD1419}.Debug|Any CPU.Build.0 = Debug|Any CPU
		{404B388E-5172-48DD-9D6E-6BBA3EAD1419}.Release|Any CPU.ActiveCfg = Release|Any CPU
		{404B388E-5172-48DD-9D6E-6BBA3EAD1419}.Release|Any CPU.Build.0 = Release|Any CPU
		{612C44F0-4802-4AC2-B173-CBAAFD5DEEA3}.Debug|Any CPU.ActiveCfg = Debug|Any CPU
		{612C44F0-4802-4AC2-B173-CBAAFD5DEEA3}.Debug|Any CPU.Build.0 = Debug|Any CPU
		{612C44F0-4802-4AC2-B173-CBAAFD5DEEA3}.Release|Any CPU.ActiveCfg = Release|Any CPU
		{612C44F0-4802-4AC2-B173-CBAAFD5DEEA3}.Release|Any CPU.Build.0 = Release|Any CPU
	EndGlobalSection
	GlobalSection(SolutionProperties) = preSolution
		HideSolutionNode = FALSE
	EndGlobalSection
	GlobalSection(ExtensibilityGlobals) = postSolution
		SolutionGuid = {456E08AA-4A84-43A0-B86A-BE0E9AD0440B}
	EndGlobalSection
EndGlobal
