
Microsoft Visual Studio Solution File, Format Version 12.00
# Visual Studio Version 17
VisualStudioVersion = 17.2.32616.157
MinimumVisualStudioVersion = 10.0.40219.1
Project("{FAE04EC0-301F-11D3-BF4B-00C04F79EFBC}") = "Datasource.Ef", "Datasource.Ef\Datasource.Ef.csproj", "{56646240-7B1F-46CA-9501-0BD1CAC1C543}"
EndProject
Project("{FAE04EC0-301F-11D3-BF4B-00C04F79EFBC}") = "Repositories.Ef", "Repositories.Ef\Repositories.Ef.csproj", "{E126F5EC-9906-4E7A-88D9-B4C1B2BAFC37}"
EndProject
Project("{FAE04EC0-301F-11D3-BF4B-00C04F79EFBC}") = "Services.Security", "Services.Security\Services.Security.csproj", "{898972D6-FDC3-4560-8F68-01B67E38FF0D}"
EndProject
Project("{FAE04EC0-301F-11D3-BF4B-00C04F79EFBC}") = "Services.Content", "Services.Content\Services.Content.csproj", "{DAF855F4-4601-4475-A9B8-0D0C752C3647}"
EndProject
Project("{FAE04EC0-301F-11D3-BF4B-00C04F79EFBC}") = "Services.Admin", "Services.Admin\Services.Admin.csproj", "{A1EEC47E-D7DD-4E2D-A751-0ABCF40ED44D}"
EndProject
Project("{FAE04EC0-301F-11D3-BF4B-00C04F79EFBC}") = "Client.Security", "Client.Security\Client.Security.csproj", "{AE727AE6-4700-41F9-B5CA-AE7EF1B4162F}"
EndProject
Project("{FAE04EC0-301F-11D3-BF4B-00C04F79EFBC}") = "Client.Admin", "Client.Admin\Client.Admin.csproj", "{5EBE72AB-948D-4E32-B899-5DDBBF2764F5}"
EndProject
Project("{FAE04EC0-301F-11D3-BF4B-00C04F79EFBC}") = "Client.Content", "Client.Content\Client.Content.csproj", "{ACA49D72-F5E1-45FE-BB76-790C70107C85}"
EndProject
Global
	GlobalSection(SolutionConfigurationPlatforms) = preSolution
		Debug|Any CPU = Debug|Any CPU
		Release|Any CPU = Release|Any CPU
	EndGlobalSection
	GlobalSection(ProjectConfigurationPlatforms) = postSolution
		{56646240-7B1F-46CA-9501-0BD1CAC1C543}.Debug|Any CPU.ActiveCfg = Debug|Any CPU
		{56646240-7B1F-46CA-9501-0BD1CAC1C543}.Debug|Any CPU.Build.0 = Debug|Any CPU
		{56646240-7B1F-46CA-9501-0BD1CAC1C543}.Release|Any CPU.ActiveCfg = Release|Any CPU
		{56646240-7B1F-46CA-9501-0BD1CAC1C543}.Release|Any CPU.Build.0 = Release|Any CPU
		{E126F5EC-9906-4E7A-88D9-B4C1B2BAFC37}.Debug|Any CPU.ActiveCfg = Debug|Any CPU
		{E126F5EC-9906-4E7A-88D9-B4C1B2BAFC37}.Debug|Any CPU.Build.0 = Debug|Any CPU
		{E126F5EC-9906-4E7A-88D9-B4C1B2BAFC37}.Release|Any CPU.ActiveCfg = Release|Any CPU
		{E126F5EC-9906-4E7A-88D9-B4C1B2BAFC37}.Release|Any CPU.Build.0 = Release|Any CPU
		{898972D6-FDC3-4560-8F68-01B67E38FF0D}.Debug|Any CPU.ActiveCfg = Debug|Any CPU
		{898972D6-FDC3-4560-8F68-01B67E38FF0D}.Debug|Any CPU.Build.0 = Debug|Any CPU
		{898972D6-FDC3-4560-8F68-01B67E38FF0D}.Release|Any CPU.ActiveCfg = Release|Any CPU
		{898972D6-FDC3-4560-8F68-01B67E38FF0D}.Release|Any CPU.Build.0 = Release|Any CPU
		{DAF855F4-4601-4475-A9B8-0D0C752C3647}.Debug|Any CPU.ActiveCfg = Debug|Any CPU
		{DAF855F4-4601-4475-A9B8-0D0C752C3647}.Debug|Any CPU.Build.0 = Debug|Any CPU
		{DAF855F4-4601-4475-A9B8-0D0C752C3647}.Release|Any CPU.ActiveCfg = Release|Any CPU
		{DAF855F4-4601-4475-A9B8-0D0C752C3647}.Release|Any CPU.Build.0 = Release|Any CPU
		{A1EEC47E-D7DD-4E2D-A751-0ABCF40ED44D}.Debug|Any CPU.ActiveCfg = Debug|Any CPU
		{A1EEC47E-D7DD-4E2D-A751-0ABCF40ED44D}.Debug|Any CPU.Build.0 = Debug|Any CPU
		{A1EEC47E-D7DD-4E2D-A751-0ABCF40ED44D}.Release|Any CPU.ActiveCfg = Release|Any CPU
		{A1EEC47E-D7DD-4E2D-A751-0ABCF40ED44D}.Release|Any CPU.Build.0 = Release|Any CPU
		{AE727AE6-4700-41F9-B5CA-AE7EF1B4162F}.Debug|Any CPU.ActiveCfg = Debug|Any CPU
		{AE727AE6-4700-41F9-B5CA-AE7EF1B4162F}.Debug|Any CPU.Build.0 = Debug|Any CPU
		{AE727AE6-4700-41F9-B5CA-AE7EF1B4162F}.Release|Any CPU.ActiveCfg = Release|Any CPU
		{AE727AE6-4700-41F9-B5CA-AE7EF1B4162F}.Release|Any CPU.Build.0 = Release|Any CPU
		{5EBE72AB-948D-4E32-B899-5DDBBF2764F5}.Debug|Any CPU.ActiveCfg = Debug|Any CPU
		{5EBE72AB-948D-4E32-B899-5DDBBF2764F5}.Debug|Any CPU.Build.0 = Debug|Any CPU
		{5EBE72AB-948D-4E32-B899-5DDBBF2764F5}.Release|Any CPU.ActiveCfg = Release|Any CPU
		{5EBE72AB-948D-4E32-B899-5DDBBF2764F5}.Release|Any CPU.Build.0 = Release|Any CPU
		{ACA49D72-F5E1-45FE-BB76-790C70107C85}.Debug|Any CPU.ActiveCfg = Debug|Any CPU
		{ACA49D72-F5E1-45FE-BB76-790C70107C85}.Debug|Any CPU.Build.0 = Debug|Any CPU
		{ACA49D72-F5E1-45FE-BB76-790C70107C85}.Release|Any CPU.ActiveCfg = Release|Any CPU
		{ACA49D72-F5E1-45FE-BB76-790C70107C85}.Release|Any CPU.Build.0 = Release|Any CPU
	EndGlobalSection
	GlobalSection(SolutionProperties) = preSolution
		HideSolutionNode = FALSE
	EndGlobalSection
	GlobalSection(ExtensibilityGlobals) = postSolution
		SolutionGuid = {456E08AA-4A84-43A0-B86A-BE0E9AD0440B}
	EndGlobalSection
EndGlobal
